
Microsoft Visual Studio Solution File, Format Version 12.00
# Visual Studio 2012
Project("{2150E333-8FDC-42A3-9474-1A3956D46DE8}") = "Core", "Core", "{1F0CC4E5-A5E8-4C42-BBE2-96E49E9AE49C}"
EndProject
Project("{8BC9CEB8-8B4A-11D0-8D11-00A0C91BC942}") = "BaseTypes", "Core\BaseTypes\BaseTypes.vcxproj", "{8550A308-DDB8-4A5A-B87E-760239D3975E}"
EndProject
Project("{8BC9CEB8-8B4A-11D0-8D11-00A0C91BC942}") = "Interfaces", "Core\Interfaces\Interfaces.vcxproj", "{3D0A460A-E105-44A0-8CB0-09B88A2F2AE0}"
EndProject
Project("{8BC9CEB8-8B4A-11D0-8D11-00A0C91BC942}") = "Generated", "Core\Generated\Generated.vcxproj", "{46157DB7-4B71-41A0-8D52-122C1F22A505}"
EndProject
Project("{8BC9CEB8-8B4A-11D0-8D11-00A0C91BC942}") = "Framework", "Core\Framework\Framework.vcxproj", "{530306A8-674F-43D5-B2E8-EBE6E880FD75}"
EndProject
Project("{2150E333-8FDC-42A3-9474-1A3956D46DE8}") = "Systems", "Systems", "{F3A4D78D-581A-4DA4-94E1-C7477A851367}"
EndProject
Project("{8BC9CEB8-8B4A-11D0-8D11-00A0C91BC942}") = "GraphicSystem", "Systems\GraphicSystem\GraphicSystem.vcxproj", "{18F399AB-F15C-4800-BB56-733E02E72303}"
EndProject
Project("{8BC9CEB8-8B4A-11D0-8D11-00A0C91BC942}") = "InputSystem", "Systems\InputSystem\InputSystem.vcxproj", "{E8AF64CF-1836-432E-A157-D4A4F89F16F3}"
EndProject
Project("{8BC9CEB8-8B4A-11D0-8D11-00A0C91BC942}") = "NetworkSystem", "Systems\NetworkSystem\NetworkSystem.vcxproj", "{C1442C70-FBFF-4B30-9D1B-1189CC7244F6}"
EndProject
Project("{8BC9CEB8-8B4A-11D0-8D11-00A0C91BC942}") = "PhysicSystem", "Systems\PhysicSystem\PhysicSystem.vcxproj", "{AC15728A-84E5-4C42-BDF2-D82ACA6FC6B6}"
EndProject
Project("{2150E333-8FDC-42A3-9474-1A3956D46DE8}") = "Main", "Main", "{D56D98D5-6CAE-4ACA-B139-BF6A484302BA}"
EndProject
Project("{8BC9CEB8-8B4A-11D0-8D11-00A0C91BC942}") = "Client", "Main\Client\Client.vcxproj", "{DBF2613B-CE27-4D93-9700-9AB1A1E1D167}"
EndProject
Global
	GlobalSection(SolutionConfigurationPlatforms) = preSolution
		Debug|Win32 = Debug|Win32
		Release|Win32 = Release|Win32
	EndGlobalSection
	GlobalSection(ProjectConfigurationPlatforms) = postSolution
		{8550A308-DDB8-4A5A-B87E-760239D3975E}.Debug|Win32.ActiveCfg = Debug|Win32
		{8550A308-DDB8-4A5A-B87E-760239D3975E}.Debug|Win32.Build.0 = Debug|Win32
		{8550A308-DDB8-4A5A-B87E-760239D3975E}.Release|Win32.ActiveCfg = Release|Win32
		{8550A308-DDB8-4A5A-B87E-760239D3975E}.Release|Win32.Build.0 = Release|Win32
		{3D0A460A-E105-44A0-8CB0-09B88A2F2AE0}.Debug|Win32.ActiveCfg = Debug|Win32
		{3D0A460A-E105-44A0-8CB0-09B88A2F2AE0}.Debug|Win32.Build.0 = Debug|Win32
		{3D0A460A-E105-44A0-8CB0-09B88A2F2AE0}.Release|Win32.ActiveCfg = Release|Win32
		{3D0A460A-E105-44A0-8CB0-09B88A2F2AE0}.Release|Win32.Build.0 = Release|Win32
		{46157DB7-4B71-41A0-8D52-122C1F22A505}.Debug|Win32.ActiveCfg = Debug|Win32
		{46157DB7-4B71-41A0-8D52-122C1F22A505}.Debug|Win32.Build.0 = Debug|Win32
		{46157DB7-4B71-41A0-8D52-122C1F22A505}.Release|Win32.ActiveCfg = Release|Win32
		{46157DB7-4B71-41A0-8D52-122C1F22A505}.Release|Win32.Build.0 = Release|Win32
		{530306A8-674F-43D5-B2E8-EBE6E880FD75}.Debug|Win32.ActiveCfg = Debug|Win32
		{530306A8-674F-43D5-B2E8-EBE6E880FD75}.Debug|Win32.Build.0 = Debug|Win32
		{530306A8-674F-43D5-B2E8-EBE6E880FD75}.Release|Win32.ActiveCfg = Release|Win32
		{530306A8-674F-43D5-B2E8-EBE6E880FD75}.Release|Win32.Build.0 = Release|Win32
		{18F399AB-F15C-4800-BB56-733E02E72303}.Debug|Win32.ActiveCfg = Debug|Win32
		{18F399AB-F15C-4800-BB56-733E02E72303}.Debug|Win32.Build.0 = Debug|Win32
		{18F399AB-F15C-4800-BB56-733E02E72303}.Release|Win32.ActiveCfg = Release|Win32
		{18F399AB-F15C-4800-BB56-733E02E72303}.Release|Win32.Build.0 = Release|Win32
		{E8AF64CF-1836-432E-A157-D4A4F89F16F3}.Debug|Win32.ActiveCfg = Debug|Win32
		{E8AF64CF-1836-432E-A157-D4A4F89F16F3}.Debug|Win32.Build.0 = Debug|Win32
		{E8AF64CF-1836-432E-A157-D4A4F89F16F3}.Release|Win32.ActiveCfg = Release|Win32
		{E8AF64CF-1836-432E-A157-D4A4F89F16F3}.Release|Win32.Build.0 = Release|Win32
		{C1442C70-FBFF-4B30-9D1B-1189CC7244F6}.Debug|Win32.ActiveCfg = Debug|Win32
		{C1442C70-FBFF-4B30-9D1B-1189CC7244F6}.Debug|Win32.Build.0 = Debug|Win32
		{C1442C70-FBFF-4B30-9D1B-1189CC7244F6}.Release|Win32.ActiveCfg = Release|Win32
		{C1442C70-FBFF-4B30-9D1B-1189CC7244F6}.Release|Win32.Build.0 = Release|Win32
		{AC15728A-84E5-4C42-BDF2-D82ACA6FC6B6}.Debug|Win32.ActiveCfg = Debug|Win32
		{AC15728A-84E5-4C42-BDF2-D82ACA6FC6B6}.Debug|Win32.Build.0 = Debug|Win32
		{AC15728A-84E5-4C42-BDF2-D82ACA6FC6B6}.Release|Win32.ActiveCfg = Release|Win32
		{AC15728A-84E5-4C42-BDF2-D82ACA6FC6B6}.Release|Win32.Build.0 = Release|Win32
		{DBF2613B-CE27-4D93-9700-9AB1A1E1D167}.Debug|Win32.ActiveCfg = Debug|Win32
		{DBF2613B-CE27-4D93-9700-9AB1A1E1D167}.Debug|Win32.Build.0 = Debug|Win32
		{DBF2613B-CE27-4D93-9700-9AB1A1E1D167}.Release|Win32.ActiveCfg = Release|Win32
		{DBF2613B-CE27-4D93-9700-9AB1A1E1D167}.Release|Win32.Build.0 = Release|Win32
	EndGlobalSection
	GlobalSection(SolutionProperties) = preSolution
		HideSolutionNode = FALSE
	EndGlobalSection
	GlobalSection(NestedProjects) = preSolution
		{8550A308-DDB8-4A5A-B87E-760239D3975E} = {1F0CC4E5-A5E8-4C42-BBE2-96E49E9AE49C}
		{3D0A460A-E105-44A0-8CB0-09B88A2F2AE0} = {1F0CC4E5-A5E8-4C42-BBE2-96E49E9AE49C}
		{46157DB7-4B71-41A0-8D52-122C1F22A505} = {1F0CC4E5-A5E8-4C42-BBE2-96E49E9AE49C}
		{530306A8-674F-43D5-B2E8-EBE6E880FD75} = {1F0CC4E5-A5E8-4C42-BBE2-96E49E9AE49C}
		{18F399AB-F15C-4800-BB56-733E02E72303} = {F3A4D78D-581A-4DA4-94E1-C7477A851367}
		{E8AF64CF-1836-432E-A157-D4A4F89F16F3} = {F3A4D78D-581A-4DA4-94E1-C7477A851367}
		{C1442C70-FBFF-4B30-9D1B-1189CC7244F6} = {F3A4D78D-581A-4DA4-94E1-C7477A851367}
		{AC15728A-84E5-4C42-BDF2-D82ACA6FC6B6} = {F3A4D78D-581A-4DA4-94E1-C7477A851367}
		{DBF2613B-CE27-4D93-9700-9AB1A1E1D167} = {D56D98D5-6CAE-4ACA-B139-BF6A484302BA}
	EndGlobalSection
EndGlobal
