<?xml version="1.0" encoding="utf-8"?>
<Project ToolsVersion="4.0" xmlns="http://schemas.microsoft.com/developer/msbuild/2003">
  <ItemGroup>
    <Filter Include="Source Files">
      <UniqueIdentifier>{4FC737F1-C7A5-4376-A066-2A32D752A2FF}</UniqueIdentifier>
      <Extensions>cpp;c;cc;cxx;def;odl;idl;hpj;bat;asm;asmx</Extensions>
    </Filter>
    <Filter Include="Header Files">
      <UniqueIdentifier>{93995380-89BD-4b04-88EB-625FBE52EBFB}</UniqueIdentifier>
      <Extensions>h;hpp;hxx;hm;inl;inc;xsd</Extensions>
    </Filter>
    <Filter Include="Resource Files">
      <UniqueIdentifier>{67DA6AB6-F800-4c08-8B7A-83BB121AAD01}</UniqueIdentifier>
      <Extensions>rc;ico;cur;bmp;dlg;rc2;rct;bin;rgs;gif;jpg;jpeg;jpe;resx;tiff;tif;png;wav;mfcribbon-ms</Extensions>
    </Filter>
    <Filter Include="Header Files\Object">
      <UniqueIdentifier>{3f3b6416-06f5-4163-981c-ef739780561c}</UniqueIdentifier>
    </Filter>
    <Filter Include="Header Files\Service">
      <UniqueIdentifier>{ab4133e5-c645-4481-af16-bf308ab0aab1}</UniqueIdentifier>
    </Filter>
    <Filter Include="Header Files\System">
      <UniqueIdentifier>{b919bb46-79a8-4885-a963-07771fd3ad97}</UniqueIdentifier>
    </Filter>
    <Filter Include="Header Files\Service\API">
      <UniqueIdentifier>{76a5d91b-3c39-49f7-8c3b-0959d1785d60}</UniqueIdentifier>
    </Filter>
    <Filter Include="Source Files\System">
      <UniqueIdentifier>{cbb66fba-2a03-431e-abc3-ab7d718a73f0}</UniqueIdentifier>
    </Filter>
    <Filter Include="Header Files\Manager">
      <UniqueIdentifier>{fb887a80-f980-4c27-8f48-933b89832c88}</UniqueIdentifier>
    </Filter>
    <Filter Include="Header Files\Generic">
      <UniqueIdentifier>{9b92da1d-f425-41d4-bb1f-e423f47c01d4}</UniqueIdentifier>
    </Filter>
    <Filter Include="Source Files\Generic">
      <UniqueIdentifier>{16ed69be-bf7a-4b59-b71f-5e26155a928d}</UniqueIdentifier>
    </Filter>
  </ItemGroup>
  <ItemGroup>
    <ClInclude Include="Source\Interface.h">
      <Filter>Header Files</Filter>
    </ClInclude>
    <ClInclude Include="Source\Service\API\Collision.h">
      <Filter>Header Files\Service\API</Filter>
    </ClInclude>
    <ClInclude Include="Source\Object\IGeometryObject.h">
      <Filter>Header Files\Object</Filter>
    </ClInclude>
    <ClInclude Include="Source\Object\IKeyboardObject.h">
      <Filter>Header Files\Object</Filter>
    </ClInclude>
    <ClInclude Include="Source\Object\IMouseObject.h">
      <Filter>Header Files\Object</Filter>
    </ClInclude>
    <ClInclude Include="Source\Object\IMoveObject.h">
      <Filter>Header Files\Object</Filter>
    </ClInclude>
    <ClInclude Include="Source\System\ISystem.h">
      <Filter>Header Files\System</Filter>
    </ClInclude>
    <ClInclude Include="Source\System\ISystemObject.h">
      <Filter>Header Files\System</Filter>
    </ClInclude>
    <ClInclude Include="Source\System\ISystemScene.h">
      <Filter>Header Files\System</Filter>
    </ClInclude>
    <ClInclude Include="Source\System\ISystemTask.h">
      <Filter>Header Files\System</Filter>
    </ClInclude>
    <ClInclude Include="Source\System\Definitions.h">
      <Filter>Header Files\System</Filter>
    </ClInclude>
    <ClInclude Include="Source\Object\ISceneObject.h">
      <Filter>Header Files\Object</Filter>
    </ClInclude>
    <ClInclude Include="Source\Manager\ITaskManager.h">
      <Filter>Header Files\Manager</Filter>
    </ClInclude>
    <ClInclude Include="Source\Manager\IServiceManager.h">
      <Filter>Header Files\Manager</Filter>
    </ClInclude>
    <ClInclude Include="Source\Manager\IPlatformManager.h">
      <Filter>Header Files\Manager</Filter>
    </ClInclude>
    <ClInclude Include="Source\Manager\IEnvironmentManager.h">
      <Filter>Header Files\Manager</Filter>
    </ClInclude>
    <ClInclude Include="Source\Manager\IChangeManager.h">
      <Filter>Header Files\Manager</Filter>
    </ClInclude>
    <ClInclude Include="Source\Generic\IObserver.h">
      <Filter>Header Files\Generic</Filter>
    </ClInclude>
    <ClInclude Include="Source\Generic\IProperty.h">
      <Filter>Header Files\Generic</Filter>
    </ClInclude>
    <ClInclude Include="Source\Generic\ISubject.h">
      <Filter>Header Files\Generic</Filter>
    </ClInclude>
    <ClInclude Include="Source\Generic\IComponent.h">
      <Filter>Header Files\Generic</Filter>
    </ClInclude>
    <ClInclude Include="Source\Generic\IUpdatable.h">
      <Filter>Header Files\Generic</Filter>
    </ClInclude>
  </ItemGroup>
  <ItemGroup>
    <ClCompile Include="Source\System\ISystem.cpp">
      <Filter>Source Files\System</Filter>
    </ClCompile>
    <ClCompile Include="Source\System\ISystemScene.cpp">
      <Filter>Source Files\System</Filter>
    </ClCompile>
    <ClCompile Include="Source\Generic\ISubject.cpp">
      <Filter>Source Files\Generic</Filter>
    </ClCompile>
    <ClCompile Include="Source\Generic\IProperty.cpp">
      <Filter>Source Files\Generic</Filter>
    </ClCompile>
    <ClCompile Include="Source\System\ISystemObject.cpp">
      <Filter>Source Files\System</Filter>
    </ClCompile>
  </ItemGroup>
</Project>