<?xml version="1.0" encoding="utf-8"?>
<Project ToolsVersion="4.0" xmlns="http://schemas.microsoft.com/developer/msbuild/2003">
  <ItemGroup>
    <Filter Include="Source Files">
      <UniqueIdentifier>{4FC737F1-C7A5-4376-A066-2A32D752A2FF}</UniqueIdentifier>
      <Extensions>cpp;c;cc;cxx;def;odl;idl;hpj;bat;asm;asmx</Extensions>
    </Filter>
    <Filter Include="Header Files">
      <UniqueIdentifier>{93995380-89BD-4b04-88EB-625FBE52EBFB}</UniqueIdentifier>
      <Extensions>h;hpp;hxx;hm;inl;inc;xsd</Extensions>
    </Filter>
    <Filter Include="Resource Files">
      <UniqueIdentifier>{67DA6AB6-F800-4c08-8B7A-83BB121AAD01}</UniqueIdentifier>
      <Extensions>rc;ico;cur;bmp;dlg;rc2;rct;bin;rgs;gif;jpg;jpeg;jpe;resx;tiff;tif;png;wav;mfcribbon-ms</Extensions>
    </Filter>
    <Filter Include="Header Files\Object">
      <UniqueIdentifier>{3f3b6416-06f5-4163-981c-ef739780561c}</UniqueIdentifier>
    </Filter>
    <Filter Include="Header Files\Property">
      <UniqueIdentifier>{39035409-d10b-428f-8c34-402f670919a4}</UniqueIdentifier>
    </Filter>
    <Filter Include="Header Files\Service">
      <UniqueIdentifier>{ab4133e5-c645-4481-af16-bf308ab0aab1}</UniqueIdentifier>
    </Filter>
    <Filter Include="Header Files\System">
      <UniqueIdentifier>{b919bb46-79a8-4885-a963-07771fd3ad97}</UniqueIdentifier>
    </Filter>
    <Filter Include="Header Files\Service\API">
      <UniqueIdentifier>{76a5d91b-3c39-49f7-8c3b-0959d1785d60}</UniqueIdentifier>
    </Filter>
    <Filter Include="Source Files\System">
      <UniqueIdentifier>{cbb66fba-2a03-431e-abc3-ab7d718a73f0}</UniqueIdentifier>
    </Filter>
    <Filter Include="Source Files\Property">
      <UniqueIdentifier>{0bc0d9bf-d088-45e3-b9b1-3249836a7d4a}</UniqueIdentifier>
    </Filter>
    <Filter Include="Source Files\Observer">
      <UniqueIdentifier>{c224030a-2a1e-42ec-9425-f9c54f27911f}</UniqueIdentifier>
    </Filter>
    <Filter Include="Header Files\Observer">
      <UniqueIdentifier>{0af1f723-686e-49ca-9bb4-43f6ae6b8f29}</UniqueIdentifier>
    </Filter>
  </ItemGroup>
  <ItemGroup>
    <ClInclude Include="Source\Interface.h">
      <Filter>Header Files</Filter>
    </ClInclude>
    <ClInclude Include="Source\Property\IProperty.h">
      <Filter>Header Files\Property</Filter>
    </ClInclude>
    <ClInclude Include="Source\Observer\IChangeManager.h">
      <Filter>Header Files\Observer</Filter>
    </ClInclude>
    <ClInclude Include="Source\Observer\IObserver.h">
      <Filter>Header Files\Observer</Filter>
    </ClInclude>
    <ClInclude Include="Source\Observer\ISubject.h">
      <Filter>Header Files\Observer</Filter>
    </ClInclude>
    <ClInclude Include="Source\Service\IEnvironment.h">
      <Filter>Header Files\Service</Filter>
    </ClInclude>
    <ClInclude Include="Source\Service\IPlatform.h">
      <Filter>Header Files\Service</Filter>
    </ClInclude>
    <ClInclude Include="Source\Service\IService.h">
      <Filter>Header Files\Service</Filter>
    </ClInclude>
    <ClInclude Include="Source\Service\ITaskManager.h">
      <Filter>Header Files\Service</Filter>
    </ClInclude>
    <ClInclude Include="Source\Service\API\Collision.h">
      <Filter>Header Files\Service\API</Filter>
    </ClInclude>
    <ClInclude Include="Source\Object\IGeometryObject.h">
      <Filter>Header Files\Object</Filter>
    </ClInclude>
    <ClInclude Include="Source\Object\IKeyboardObject.h">
      <Filter>Header Files\Object</Filter>
    </ClInclude>
    <ClInclude Include="Source\Object\IMouseObject.h">
      <Filter>Header Files\Object</Filter>
    </ClInclude>
    <ClInclude Include="Source\Object\IMoveObject.h">
      <Filter>Header Files\Object</Filter>
    </ClInclude>
    <ClInclude Include="Source\System\ISystem.h">
      <Filter>Header Files\System</Filter>
    </ClInclude>
    <ClInclude Include="Source\System\ISystemObject.h">
      <Filter>Header Files\System</Filter>
    </ClInclude>
    <ClInclude Include="Source\System\ISystemScene.h">
      <Filter>Header Files\System</Filter>
    </ClInclude>
    <ClInclude Include="Source\System\ISystemSubject.h">
      <Filter>Header Files\System</Filter>
    </ClInclude>
    <ClInclude Include="Source\System\ISystemTask.h">
      <Filter>Header Files\System</Filter>
    </ClInclude>
    <ClInclude Include="Source\System\Definitions.h">
      <Filter>Header Files\System</Filter>
    </ClInclude>
    <ClInclude Include="Source\Object\ISceneObject.h">
      <Filter>Header Files\Object</Filter>
    </ClInclude>
  </ItemGroup>
  <ItemGroup>
    <ClCompile Include="Source\System\ISystem.cpp">
      <Filter>Source Files\System</Filter>
    </ClCompile>
    <ClCompile Include="Source\System\ISystemScene.cpp">
      <Filter>Source Files\System</Filter>
    </ClCompile>
    <ClCompile Include="Source\System\ISystemSubject.cpp">
      <Filter>Source Files\System</Filter>
    </ClCompile>
    <ClCompile Include="Source\Property\IProperty.cpp">
      <Filter>Source Files\Property</Filter>
    </ClCompile>
    <ClCompile Include="Source\Observer\ISubject.cpp">
      <Filter>Source Files\Observer</Filter>
    </ClCompile>
  </ItemGroup>
</Project>